
Microsoft Visual Studio Solution File, Format Version 12.00
# Visual Studio Version 17
VisualStudioVersion = 17.4.33205.214
MinimumVisualStudioVersion = 10.0.40219.1
Project("{FAE04EC0-301F-11D3-BF4B-00C04F79EFBC}") = "P10-CalculaPoupanca", "P10-CalculaPoupanca.csproj", "{C00773D5-1B96-49AB-91DB-10676E2A1C0A}"
EndProject
Global
	GlobalSection(SolutionConfigurationPlatforms) = preSolution
		Debug|Any CPU = Debug|Any CPU
		Release|Any CPU = Release|Any CPU
	EndGlobalSection
	GlobalSection(ProjectConfigurationPlatforms) = postSolution
		{C00773D5-1B96-49AB-91DB-10676E2A1C0A}.Debug|Any CPU.ActiveCfg = Debug|Any CPU
		{C00773D5-1B96-49AB-91DB-10676E2A1C0A}.Debug|Any CPU.Build.0 = Debug|Any CPU
		{C00773D5-1B96-49AB-91DB-10676E2A1C0A}.Release|Any CPU.ActiveCfg = Release|Any CPU
		{C00773D5-1B96-49AB-91DB-10676E2A1C0A}.Release|Any CPU.Build.0 = Release|Any CPU
	EndGlobalSection
	GlobalSection(SolutionProperties) = preSolution
		HideSolutionNode = FALSE
	EndGlobalSection
	GlobalSection(ExtensibilityGlobals) = postSolution
		SolutionGuid = {922F52EC-47B5-483C-A48B-91C19FDA39AD}
	EndGlobalSection
EndGlobal
