
Microsoft Visual Studio Solution File, Format Version 12.00
# Visual Studio Version 17
VisualStudioVersion = 17.4.33205.214
MinimumVisualStudioVersion = 10.0.40219.1
Project("{FAE04EC0-301F-11D3-BF4B-00C04F79EFBC}") = "P12-InvestimentoALongoPrazo", "P12-InvestimentoALongoPrazo.csproj", "{78ECF5CA-4F3F-486F-9957-7D68CEEB925E}"
EndProject
Global
	GlobalSection(SolutionConfigurationPlatforms) = preSolution
		Debug|Any CPU = Debug|Any CPU
		Release|Any CPU = Release|Any CPU
	EndGlobalSection
	GlobalSection(ProjectConfigurationPlatforms) = postSolution
		{78ECF5CA-4F3F-486F-9957-7D68CEEB925E}.Debug|Any CPU.ActiveCfg = Debug|Any CPU
		{78ECF5CA-4F3F-486F-9957-7D68CEEB925E}.Debug|Any CPU.Build.0 = Debug|Any CPU
		{78ECF5CA-4F3F-486F-9957-7D68CEEB925E}.Release|Any CPU.ActiveCfg = Release|Any CPU
		{78ECF5CA-4F3F-486F-9957-7D68CEEB925E}.Release|Any CPU.Build.0 = Release|Any CPU
	EndGlobalSection
	GlobalSection(SolutionProperties) = preSolution
		HideSolutionNode = FALSE
	EndGlobalSection
	GlobalSection(ExtensibilityGlobals) = postSolution
		SolutionGuid = {855FDC27-1B3D-42C9-85F3-3CA7825FF092}
	EndGlobalSection
EndGlobal
